<?xml version="1.0" encoding="utf-8"?>
<Project ToolsVersion="4.0" xmlns="http://schemas.microsoft.com/developer/msbuild/2003">
  <ItemGroup>
    <Filter Include="Исходные файлы">
      <UniqueIdentifier>{4FC737F1-C7A5-4376-A066-2A32D752A2FF}</UniqueIdentifier>
      <Extensions>cpp;c;cc;cxx;c++;cppm;ixx;def;odl;idl;hpj;bat;asm;asmx</Extensions>
    </Filter>
    <Filter Include="Файлы заголовков">
      <UniqueIdentifier>{93995380-89BD-4b04-88EB-625FBE52EBFB}</UniqueIdentifier>
      <Extensions>h;hh;hpp;hxx;h++;hm;inl;inc;ipp;xsd</Extensions>
    </Filter>
    <Filter Include="Файлы ресурсов">
      <UniqueIdentifier>{67DA6AB6-F800-4c08-8B7A-83BB121AAD01}</UniqueIdentifier>
      <Extensions>rc;ico;cur;bmp;dlg;rc2;rct;bin;rgs;gif;jpg;jpeg;jpe;resx;tiff;tif;png;wav;mfcribbon-ms</Extensions>
    </Filter>
    <Filter Include="NN Structure">
      <UniqueIdentifier>{92a65db0-7e2c-4b4e-a1c5-29d48bf8a58f}</UniqueIdentifier>
    </Filter>
    <Filter Include="NN Structure\Node">
      <UniqueIdentifier>{44180835-217f-4b46-b4eb-1048947a22cd}</UniqueIdentifier>
    </Filter>
    <Filter Include="NN Structure\Neural Network">
      <UniqueIdentifier>{daf67c69-f9d0-4c30-bae2-80388c98f4a8}</UniqueIdentifier>
    </Filter>
    <Filter Include="NN Structure\Layer">
      <UniqueIdentifier>{7c0d3a85-d9a8-4d99-8c48-d5b34f400529}</UniqueIdentifier>
    </Filter>
    <Filter Include="NN Structure\Layer\Layer Types">
      <UniqueIdentifier>{d3346f5a-1c5a-4d6c-a98f-2f4778ef1ae7}</UniqueIdentifier>
    </Filter>
    <Filter Include="NN Structure\Layer\Layer Types\LeakyReLU">
      <UniqueIdentifier>{8da93a06-e991-4f3f-aa59-cd0985dc6599}</UniqueIdentifier>
    </Filter>
    <Filter Include="NN Structure\Layer\Layer Types\ReLU">
      <UniqueIdentifier>{4ccb0483-ea58-4108-8976-8e43994a9349}</UniqueIdentifier>
    </Filter>
    <Filter Include="NN Structure\Layer\Layer Types\Linear">
      <UniqueIdentifier>{a530bbbb-8f05-41d7-9d36-e2371dd75e4b}</UniqueIdentifier>
    </Filter>
    <Filter Include="QN Structure">
      <UniqueIdentifier>{fd85c266-e77c-4aa8-8a15-1aaf7906fa78}</UniqueIdentifier>
    </Filter>
    <Filter Include="QN Structure\Optimizer">
      <UniqueIdentifier>{44341171-efce-4930-8883-4b970d8b707c}</UniqueIdentifier>
    </Filter>
    <Filter Include="QN Structure\Optimizer\Optimizer Types">
      <UniqueIdentifier>{477c56ec-444e-40db-9f57-9054a2366526}</UniqueIdentifier>
    </Filter>
    <Filter Include="QN Structure\Optimizer\Optimizer Types\Adam">
      <UniqueIdentifier>{c67187cf-aa33-4571-8d5e-2742628082c4}</UniqueIdentifier>
    </Filter>
    <Filter Include="AgentDQN">
      <UniqueIdentifier>{bd3c8659-2a22-4162-a8f0-5bc447685944}</UniqueIdentifier>
    </Filter>
  </ItemGroup>
  <ItemGroup>
    <ClCompile Include="Source.cpp">
      <Filter>Исходные файлы</Filter>
    </ClCompile>
    <ClCompile Include="Node.cpp">
      <Filter>NN Structure\Node</Filter>
    </ClCompile>
    <ClCompile Include="NeuralNetwork.cpp">
      <Filter>NN Structure\Neural Network</Filter>
    </ClCompile>
    <ClCompile Include="Linear.cpp">
      <Filter>NN Structure\Layer\Layer Types\Linear</Filter>
    </ClCompile>
    <ClCompile Include="LeakyReLU.cpp">
      <Filter>NN Structure\Layer\Layer Types\LeakyReLU</Filter>
    </ClCompile>
    <ClCompile Include="ReLU.cpp">
      <Filter>NN Structure\Layer\Layer Types\ReLU</Filter>
    </ClCompile>
    <ClCompile Include="QNetwork.cpp">
      <Filter>QN Structure</Filter>
    </ClCompile>
    <ClCompile Include="Adam.cpp">
      <Filter>QN Structure\Optimizer\Optimizer Types\Adam</Filter>
    </ClCompile>
    <ClCompile Include="AgentDQN.cpp">
      <Filter>AgentDQN</Filter>
    </ClCompile>
  </ItemGroup>
  <ItemGroup>
    <ClInclude Include="Node.h">
      <Filter>NN Structure\Node</Filter>
    </ClInclude>
    <ClInclude Include="NeuralNetwork.h">
      <Filter>NN Structure\Neural Network</Filter>
    </ClInclude>
    <ClInclude Include="Layer.h">
      <Filter>NN Structure\Layer</Filter>
    </ClInclude>
    <ClInclude Include="Linear.h">
      <Filter>NN Structure\Layer\Layer Types\Linear</Filter>
    </ClInclude>
    <ClInclude Include="LeakyReLU.h">
      <Filter>NN Structure\Layer\Layer Types\LeakyReLU</Filter>
    </ClInclude>
    <ClInclude Include="ReLU.h">
      <Filter>NN Structure\Layer\Layer Types\ReLU</Filter>
    </ClInclude>
    <ClInclude Include="QNetwork.h">
      <Filter>QN Structure</Filter>
    </ClInclude>
    <ClInclude Include="Optimizer.h">
      <Filter>QN Structure\Optimizer</Filter>
    </ClInclude>
    <ClInclude Include="Adam.h">
      <Filter>QN Structure\Optimizer\Optimizer Types\Adam</Filter>
    </ClInclude>
    <ClInclude Include="AgentDQN.h">
      <Filter>AgentDQN</Filter>
    </ClInclude>
  </ItemGroup>
</Project>